
Microsoft Visual Studio Solution File, Format Version 12.00
# Visual Studio 14
VisualStudioVersion = 14.0.25123.0
MinimumVisualStudioVersion = 10.0.40219.1
Project("{FAE04EC0-301F-11D3-BF4B-00C04F79EFBC}") = "LinqQueryExpressions", "LinqQueryExpressions\LinqQueryExpressions.csproj", "{B588E311-A3F2-4646-86AB-085394DF33CA}"
EndProject
Project("{FAE04EC0-301F-11D3-BF4B-00C04F79EFBC}") = "Chapter16", "Chapter16\Chapter16.csproj", "{42FB2FD8-F00D-4B1C-B434-6C8F19615E0B}"
EndProject
Project("{FAE04EC0-301F-11D3-BF4B-00C04F79EFBC}") = "Chapter17", "Chapter17\Chapter17.csproj", "{43038869-B86F-430E-B432-3F8FC18E7E6C}"
EndProject
Project("{FAE04EC0-301F-11D3-BF4B-00C04F79EFBC}") = "Chapter18", "Chapter18\Chapter18.csproj", "{6A8C0884-F76A-4514-A7DE-0B6DCB34B59C}"
EndProject
Global
	GlobalSection(SolutionConfigurationPlatforms) = preSolution
		Debug|Any CPU = Debug|Any CPU
		Release|Any CPU = Release|Any CPU
	EndGlobalSection
	GlobalSection(ProjectConfigurationPlatforms) = postSolution
		{B588E311-A3F2-4646-86AB-085394DF33CA}.Debug|Any CPU.ActiveCfg = Debug|Any CPU
		{B588E311-A3F2-4646-86AB-085394DF33CA}.Debug|Any CPU.Build.0 = Debug|Any CPU
		{B588E311-A3F2-4646-86AB-085394DF33CA}.Release|Any CPU.ActiveCfg = Release|Any CPU
		{B588E311-A3F2-4646-86AB-085394DF33CA}.Release|Any CPU.Build.0 = Release|Any CPU
		{42FB2FD8-F00D-4B1C-B434-6C8F19615E0B}.Debug|Any CPU.ActiveCfg = Debug|Any CPU
		{42FB2FD8-F00D-4B1C-B434-6C8F19615E0B}.Debug|Any CPU.Build.0 = Debug|Any CPU
		{42FB2FD8-F00D-4B1C-B434-6C8F19615E0B}.Release|Any CPU.ActiveCfg = Release|Any CPU
		{42FB2FD8-F00D-4B1C-B434-6C8F19615E0B}.Release|Any CPU.Build.0 = Release|Any CPU
		{43038869-B86F-430E-B432-3F8FC18E7E6C}.Debug|Any CPU.ActiveCfg = Debug|Any CPU
		{43038869-B86F-430E-B432-3F8FC18E7E6C}.Debug|Any CPU.Build.0 = Debug|Any CPU
		{43038869-B86F-430E-B432-3F8FC18E7E6C}.Release|Any CPU.ActiveCfg = Release|Any CPU
		{43038869-B86F-430E-B432-3F8FC18E7E6C}.Release|Any CPU.Build.0 = Release|Any CPU
		{6A8C0884-F76A-4514-A7DE-0B6DCB34B59C}.Debug|Any CPU.ActiveCfg = Debug|Any CPU
		{6A8C0884-F76A-4514-A7DE-0B6DCB34B59C}.Debug|Any CPU.Build.0 = Debug|Any CPU
		{6A8C0884-F76A-4514-A7DE-0B6DCB34B59C}.Release|Any CPU.ActiveCfg = Release|Any CPU
		{6A8C0884-F76A-4514-A7DE-0B6DCB34B59C}.Release|Any CPU.Build.0 = Release|Any CPU
	EndGlobalSection
	GlobalSection(SolutionProperties) = preSolution
		HideSolutionNode = FALSE
	EndGlobalSection
EndGlobal
